
Microsoft Visual Studio Solution File, Format Version 12.00
Project("{2150E333-8FDC-42A3-9474-1A3956D46DE8}") = "Task_N51", "Task_N51", "{43A98E41-5421-4B2F-B51D-DD455E66E91E}"
EndProject
Project("{2150E333-8FDC-42A3-9474-1A3956D46DE8}") = "Task_N53", "Task_N53", "{A13AEA17-6099-4CB3-996C-7C58A6CF167F}"
EndProject
Project("{2150E333-8FDC-42A3-9474-1A3956D46DE8}") = "Task_N52", "Task_N52", "{448F2CCC-9695-430C-A3A8-B5FBE2009F69}"
EndProject
Project("{2150E333-8FDC-42A3-9474-1A3956D46DE8}") = "Task_N54", "Task_N54", "{085C81FA-06CA-43F9-9FE2-3B34EB65C3B1}"
EndProject
Project("{2150E333-8FDC-42A3-9474-1A3956D46DE8}") = "Task_N55", "Task_N55", "{4A0CCDA7-2CB7-4A67-9048-720134735B7C}"
EndProject
Project("{2150E333-8FDC-42A3-9474-1A3956D46DE8}") = "Task_N56", "Task_N56", "{D42C1FFF-1D0C-48E9-B553-F67D8575348B}"
EndProject
Project("{2150E333-8FDC-42A3-9474-1A3956D46DE8}") = "Task_N57", "Task_N57", "{CAD3D479-53C4-45A5-85B8-518B5B25F54E}"
EndProject
Project("{2150E333-8FDC-42A3-9474-1A3956D46DE8}") = "Task_N58", "Task_N58", "{36E3B1CB-FD4A-4067-A21E-FFD3B2241449}"
EndProject
Project("{2150E333-8FDC-42A3-9474-1A3956D46DE8}") = "Task_N59", "Task_N59", "{DB4A8513-96D2-40A1-8904-6BC010C6A8D2}"
EndProject
Project("{2150E333-8FDC-42A3-9474-1A3956D46DE8}") = "Task_N60", "Task_N60", "{58508415-2998-4375-AF32-32B55BFF6364}"
EndProject
Project("{2150E333-8FDC-42A3-9474-1A3956D46DE8}") = "Task_N61", "Task_N61", "{374DF5A3-A560-414A-93BF-41FA12EC27C1}"
EndProject
Project("{2150E333-8FDC-42A3-9474-1A3956D46DE8}") = "Task_N62", "Task_N62", "{54D5BDFF-9582-4692-BE64-A14B62987481}"
EndProject
Project("{2150E333-8FDC-42A3-9474-1A3956D46DE8}") = "Task_N63", "Task_N63", "{737CC1A2-5689-4335-96F0-D78525E3A45B}"
EndProject
Project("{2150E333-8FDC-42A3-9474-1A3956D46DE8}") = "Task_N64", "Task_N64", "{39DC5EEA-A55B-4C7F-8606-0FEC748E089A}"
EndProject
Project("{2150E333-8FDC-42A3-9474-1A3956D46DE8}") = "Task_N65", "Task_N65", "{B2FB754F-3671-41BF-8895-B87E45B1BDCC}"
EndProject
Project("{2150E333-8FDC-42A3-9474-1A3956D46DE8}") = "Task_N66", "Task_N66", "{BF2CBFC4-D47F-4DC1-A637-4733B31A5052}"
EndProject
Project("{2150E333-8FDC-42A3-9474-1A3956D46DE8}") = "Task_N67", "Task_N67", "{18814FD1-C1EF-4048-96D2-733FE8AA5DC7}"
EndProject
Project("{2150E333-8FDC-42A3-9474-1A3956D46DE8}") = "Task_N68", "Task_N68", "{81477EDB-E196-474B-8EB0-5120E62ACF1F}"
EndProject
Project("{2150E333-8FDC-42A3-9474-1A3956D46DE8}") = "Task_N69", "Task_N69", "{1EBF7CAD-772B-4B82-9834-C2A284A37456}"
EndProject
Project("{2150E333-8FDC-42A3-9474-1A3956D46DE8}") = "Task_N70", "Task_N70", "{09917518-1230-4BCA-A853-71D3982CDC6C}"
EndProject
Project("{FAE04EC0-301F-11D3-BF4B-00C04F79EFBC}") = "N67_EduCourse.Domain", "N67_EduCourse.Domain\N67_EduCourse.Domain.csproj", "{CDA5691E-E98B-44CE-B252-61E329113B78}"
EndProject
Project("{FAE04EC0-301F-11D3-BF4B-00C04F79EFBC}") = "N67_EduCourse.Application", "N67_EduCourse.Application\N67_EduCourse.Application.csproj", "{7B77598F-DF5C-42A7-99E4-6F533FFCA899}"
EndProject
Project("{FAE04EC0-301F-11D3-BF4B-00C04F79EFBC}") = "N67_EduCourse.Persistence", "N67_EduCourse.Persistence\N67_EduCourse.Persistence.csproj", "{54C3D42C-672A-4274-B954-D0519AB00245}"
EndProject
Project("{FAE04EC0-301F-11D3-BF4B-00C04F79EFBC}") = "N67_EduCourse.Infrastructure", "N67_EduCourse.Infrastructure\N67_EduCourse.Infrastructure.csproj", "{B79D273C-A870-4B9C-81D0-DE71B411D736}"
EndProject
Project("{FAE04EC0-301F-11D3-BF4B-00C04F79EFBC}") = "N67_EduCourse.Api", "N67_EduCourse.Api\N67_EduCourse.Api.csproj", "{E897BEDD-6033-4C02-A24A-47BCDB6BEFAF}"
EndProject
Project("{FAE04EC0-301F-11D3-BF4B-00C04F79EFBC}") = "N51-HT1", "N51-HT1\N51-HT1.csproj", "{6899BD67-AED5-4F59-B595-B1D88D52B681}"
EndProject
Project("{FAE04EC0-301F-11D3-BF4B-00C04F79EFBC}") = "ToDoApp.Api", "ToDoApp.Api\ToDoApp.Api.csproj", "{B454CA57-182F-492B-AF86-336AE429EB02}"
EndProject
Project("{FAE04EC0-301F-11D3-BF4B-00C04F79EFBC}") = "N52-HT1", "N52-HT1\N52-HT1.csproj", "{9E4DA3DC-B142-40AE-B2F2-DEE6B19F02CA}"
EndProject
Project("{FAE04EC0-301F-11D3-BF4B-00C04F79EFBC}") = "N53-HT1.Api", "N53-HT1.Api\N53-HT1.Api.csproj", "{72007BE4-7DD3-417C-B989-F5ABBD3230B0}"
EndProject
Project("{FAE04EC0-301F-11D3-BF4B-00C04F79EFBC}") = "N55-HT1", "N55-HT1\N55-HT1.csproj", "{86C372CB-E95D-4812-81AC-DCC7DF4DC4A6}"
EndProject
Project("{FAE04EC0-301F-11D3-BF4B-00C04F79EFBC}") = "N56-HT1", "N56-HT1\N56-HT1.csproj", "{3969E312-2C29-4963-9768-AF0230AC6E9B}"
EndProject
Project("{FAE04EC0-301F-11D3-BF4B-00C04F79EFBC}") = "N57-HT1", "N57-HT1\N57-HT1.csproj", "{B0D2154D-6FF2-4804-8725-AE6508258C42}"
EndProject
Project("{FAE04EC0-301F-11D3-BF4B-00C04F79EFBC}") = "N58-HT1.Api", "N58-HT1.Api\N58-HT1.Api.csproj", "{D9BBB5B4-1F5F-45EA-BCD8-5BC5B67D411F}"
EndProject
Project("{FAE04EC0-301F-11D3-BF4B-00C04F79EFBC}") = "N59-HT1", "N59-HT1\N59-HT1.csproj", "{F3CBE332-8A50-4B4F-8041-843E2E054D89}"
EndProject
Project("{FAE04EC0-301F-11D3-BF4B-00C04F79EFBC}") = "N60-HT1", "N60-HT1\N60-HT1.csproj", "{6DC272F6-AECD-4AF8-A42F-EBA601DEB673}"
EndProject
Project("{FAE04EC0-301F-11D3-BF4B-00C04F79EFBC}") = "N62_HT1", "N62_HT1\N62_HT1.csproj", "{CADD13C1-915D-4D69-B4D3-20BFDBB56E40}"
EndProject
Project("{FAE04EC0-301F-11D3-BF4B-00C04F79EFBC}") = "N63_HT1", "N63_HT1\N63_HT1.csproj", "{00BE306B-51B7-4179-B70B-09A14458A84F}"
EndProject
Project("{2150E333-8FDC-42A3-9474-1A3956D46DE8}") = "Identity", "Identity", "{CDA9A212-1BA2-4365-84EF-77C9481AC4E5}"
EndProject
Project("{FAE04EC0-301F-11D3-BF4B-00C04F79EFBC}") = "N64.Identity.Api", "N64.Identity.Api\N64.Identity.Api.csproj", "{0B779E1C-C227-47DA-8F7D-D2EE8F50A20F}"
EndProject
Project("{FAE04EC0-301F-11D3-BF4B-00C04F79EFBC}") = "N64.Identity.Application", "N64.Identity.Application\N64.Identity.Application.csproj", "{EEB7E4CD-941C-41B9-ADED-2121B515BF6D}"
EndProject
Project("{FAE04EC0-301F-11D3-BF4B-00C04F79EFBC}") = "N64.Identity.Domain", "N64.Identity.Domain\N64.Identity.Domain.csproj", "{F2B62CAB-428C-4F94-A8A9-DF5EBB50107C}"
EndProject
Project("{FAE04EC0-301F-11D3-BF4B-00C04F79EFBC}") = "N64.Identity.Infrastructure", "N64.Identity.Infrastructure\N64.Identity.Infrastructure.csproj", "{A9952656-3BD4-4386-B415-31CD0564F0C4}"
EndProject
Project("{FAE04EC0-301F-11D3-BF4B-00C04F79EFBC}") = "N64.Identity.Persistence", "N64.Identity.Persistence\N64.Identity.Persistence.csproj", "{B0976365-250B-44D2-9CA4-1B691BFBB807}"
EndProject
Project("{FAE04EC0-301F-11D3-BF4B-00C04F79EFBC}") = "N65-HT1", "N65-HT1\N65-HT1.csproj", "{CDAF1735-E2C6-477E-901C-7E1E45276E82}"
EndProject
Project("{FAE04EC0-301F-11D3-BF4B-00C04F79EFBC}") = "N66-HT1.Api", "N66-HT1.Api\N66-HT1.Api.csproj", "{7A4BFAE8-7F03-4B1A-AB23-38852E1DDABC}"
EndProject
Project("{FAE04EC0-301F-11D3-BF4B-00C04F79EFBC}") = "N66-HT1.Applcation", "N66-HT1.Applcation\N66-HT1.Applcation.csproj", "{FB95BE8E-47E4-4B2E-8509-4A297146AC00}"
EndProject
Project("{FAE04EC0-301F-11D3-BF4B-00C04F79EFBC}") = "N66-HT1.Domain", "N66-HT1.Domain\N66-HT1.Domain.csproj", "{D42A21DF-FBA4-4E34-A8DC-F0A0E33EFF78}"
EndProject
Project("{FAE04EC0-301F-11D3-BF4B-00C04F79EFBC}") = "N66-HT1.Infrastructure", "N66-HT1.Infrastructure\N66-HT1.Infrastructure.csproj", "{891AB098-741A-46EE-8013-44CD02186F22}"
EndProject
Project("{FAE04EC0-301F-11D3-BF4B-00C04F79EFBC}") = "N66-HT1.Persistence", "N66-HT1.Persistence\N66-HT1.Persistence.csproj", "{0CABA97A-68AF-4881-99B8-D7FAFE5115C3}"
EndProject
Project("{FAE04EC0-301F-11D3-BF4B-00C04F79EFBC}") = "N68-HT1", "N68-HT1\N68-HT1.csproj", "{22400498-18FC-4EC1-9F35-583B1E0FC23F}"
EndProject
Global
	GlobalSection(SolutionConfigurationPlatforms) = preSolution
		Debug|Any CPU = Debug|Any CPU
		Release|Any CPU = Release|Any CPU
	EndGlobalSection
	GlobalSection(NestedProjects) = preSolution
		{CDA5691E-E98B-44CE-B252-61E329113B78} = {18814FD1-C1EF-4048-96D2-733FE8AA5DC7}
		{7B77598F-DF5C-42A7-99E4-6F533FFCA899} = {18814FD1-C1EF-4048-96D2-733FE8AA5DC7}
		{54C3D42C-672A-4274-B954-D0519AB00245} = {18814FD1-C1EF-4048-96D2-733FE8AA5DC7}
		{B79D273C-A870-4B9C-81D0-DE71B411D736} = {18814FD1-C1EF-4048-96D2-733FE8AA5DC7}
		{E897BEDD-6033-4C02-A24A-47BCDB6BEFAF} = {18814FD1-C1EF-4048-96D2-733FE8AA5DC7}
		{6899BD67-AED5-4F59-B595-B1D88D52B681} = {43A98E41-5421-4B2F-B51D-DD455E66E91E}
		{B454CA57-182F-492B-AF86-336AE429EB02} = {43A98E41-5421-4B2F-B51D-DD455E66E91E}
		{9E4DA3DC-B142-40AE-B2F2-DEE6B19F02CA} = {448F2CCC-9695-430C-A3A8-B5FBE2009F69}
		{72007BE4-7DD3-417C-B989-F5ABBD3230B0} = {A13AEA17-6099-4CB3-996C-7C58A6CF167F}
		{86C372CB-E95D-4812-81AC-DCC7DF4DC4A6} = {4A0CCDA7-2CB7-4A67-9048-720134735B7C}
		{3969E312-2C29-4963-9768-AF0230AC6E9B} = {D42C1FFF-1D0C-48E9-B553-F67D8575348B}
		{B0D2154D-6FF2-4804-8725-AE6508258C42} = {CAD3D479-53C4-45A5-85B8-518B5B25F54E}
		{D9BBB5B4-1F5F-45EA-BCD8-5BC5B67D411F} = {36E3B1CB-FD4A-4067-A21E-FFD3B2241449}
		{F3CBE332-8A50-4B4F-8041-843E2E054D89} = {DB4A8513-96D2-40A1-8904-6BC010C6A8D2}
		{6DC272F6-AECD-4AF8-A42F-EBA601DEB673} = {58508415-2998-4375-AF32-32B55BFF6364}
		{CADD13C1-915D-4D69-B4D3-20BFDBB56E40} = {54D5BDFF-9582-4692-BE64-A14B62987481}
		{00BE306B-51B7-4179-B70B-09A14458A84F} = {737CC1A2-5689-4335-96F0-D78525E3A45B}
		{CDA9A212-1BA2-4365-84EF-77C9481AC4E5} = {39DC5EEA-A55B-4C7F-8606-0FEC748E089A}
		{0B779E1C-C227-47DA-8F7D-D2EE8F50A20F} = {CDA9A212-1BA2-4365-84EF-77C9481AC4E5}
		{EEB7E4CD-941C-41B9-ADED-2121B515BF6D} = {CDA9A212-1BA2-4365-84EF-77C9481AC4E5}
		{F2B62CAB-428C-4F94-A8A9-DF5EBB50107C} = {CDA9A212-1BA2-4365-84EF-77C9481AC4E5}
		{A9952656-3BD4-4386-B415-31CD0564F0C4} = {CDA9A212-1BA2-4365-84EF-77C9481AC4E5}
		{B0976365-250B-44D2-9CA4-1B691BFBB807} = {CDA9A212-1BA2-4365-84EF-77C9481AC4E5}
		{CDAF1735-E2C6-477E-901C-7E1E45276E82} = {B2FB754F-3671-41BF-8895-B87E45B1BDCC}
		{7A4BFAE8-7F03-4B1A-AB23-38852E1DDABC} = {BF2CBFC4-D47F-4DC1-A637-4733B31A5052}
		{FB95BE8E-47E4-4B2E-8509-4A297146AC00} = {BF2CBFC4-D47F-4DC1-A637-4733B31A5052}
		{D42A21DF-FBA4-4E34-A8DC-F0A0E33EFF78} = {BF2CBFC4-D47F-4DC1-A637-4733B31A5052}
		{891AB098-741A-46EE-8013-44CD02186F22} = {BF2CBFC4-D47F-4DC1-A637-4733B31A5052}
		{0CABA97A-68AF-4881-99B8-D7FAFE5115C3} = {BF2CBFC4-D47F-4DC1-A637-4733B31A5052}
		{22400498-18FC-4EC1-9F35-583B1E0FC23F} = {81477EDB-E196-474B-8EB0-5120E62ACF1F}
	EndGlobalSection
	GlobalSection(ProjectConfigurationPlatforms) = postSolution
		{CDA5691E-E98B-44CE-B252-61E329113B78}.Debug|Any CPU.ActiveCfg = Debug|Any CPU
		{CDA5691E-E98B-44CE-B252-61E329113B78}.Debug|Any CPU.Build.0 = Debug|Any CPU
		{CDA5691E-E98B-44CE-B252-61E329113B78}.Release|Any CPU.ActiveCfg = Release|Any CPU
		{CDA5691E-E98B-44CE-B252-61E329113B78}.Release|Any CPU.Build.0 = Release|Any CPU
		{7B77598F-DF5C-42A7-99E4-6F533FFCA899}.Debug|Any CPU.ActiveCfg = Debug|Any CPU
		{7B77598F-DF5C-42A7-99E4-6F533FFCA899}.Debug|Any CPU.Build.0 = Debug|Any CPU
		{7B77598F-DF5C-42A7-99E4-6F533FFCA899}.Release|Any CPU.ActiveCfg = Release|Any CPU
		{7B77598F-DF5C-42A7-99E4-6F533FFCA899}.Release|Any CPU.Build.0 = Release|Any CPU
		{54C3D42C-672A-4274-B954-D0519AB00245}.Debug|Any CPU.ActiveCfg = Debug|Any CPU
		{54C3D42C-672A-4274-B954-D0519AB00245}.Debug|Any CPU.Build.0 = Debug|Any CPU
		{54C3D42C-672A-4274-B954-D0519AB00245}.Release|Any CPU.ActiveCfg = Release|Any CPU
		{54C3D42C-672A-4274-B954-D0519AB00245}.Release|Any CPU.Build.0 = Release|Any CPU
		{B79D273C-A870-4B9C-81D0-DE71B411D736}.Debug|Any CPU.ActiveCfg = Debug|Any CPU
		{B79D273C-A870-4B9C-81D0-DE71B411D736}.Debug|Any CPU.Build.0 = Debug|Any CPU
		{B79D273C-A870-4B9C-81D0-DE71B411D736}.Release|Any CPU.ActiveCfg = Release|Any CPU
		{B79D273C-A870-4B9C-81D0-DE71B411D736}.Release|Any CPU.Build.0 = Release|Any CPU
		{E897BEDD-6033-4C02-A24A-47BCDB6BEFAF}.Debug|Any CPU.ActiveCfg = Debug|Any CPU
		{E897BEDD-6033-4C02-A24A-47BCDB6BEFAF}.Debug|Any CPU.Build.0 = Debug|Any CPU
		{E897BEDD-6033-4C02-A24A-47BCDB6BEFAF}.Release|Any CPU.ActiveCfg = Release|Any CPU
		{E897BEDD-6033-4C02-A24A-47BCDB6BEFAF}.Release|Any CPU.Build.0 = Release|Any CPU
		{6899BD67-AED5-4F59-B595-B1D88D52B681}.Debug|Any CPU.ActiveCfg = Debug|Any CPU
		{6899BD67-AED5-4F59-B595-B1D88D52B681}.Debug|Any CPU.Build.0 = Debug|Any CPU
		{6899BD67-AED5-4F59-B595-B1D88D52B681}.Release|Any CPU.ActiveCfg = Release|Any CPU
		{6899BD67-AED5-4F59-B595-B1D88D52B681}.Release|Any CPU.Build.0 = Release|Any CPU
		{B454CA57-182F-492B-AF86-336AE429EB02}.Debug|Any CPU.ActiveCfg = Debug|Any CPU
		{B454CA57-182F-492B-AF86-336AE429EB02}.Debug|Any CPU.Build.0 = Debug|Any CPU
		{B454CA57-182F-492B-AF86-336AE429EB02}.Release|Any CPU.ActiveCfg = Release|Any CPU
		{B454CA57-182F-492B-AF86-336AE429EB02}.Release|Any CPU.Build.0 = Release|Any CPU
		{9E4DA3DC-B142-40AE-B2F2-DEE6B19F02CA}.Debug|Any CPU.ActiveCfg = Debug|Any CPU
		{9E4DA3DC-B142-40AE-B2F2-DEE6B19F02CA}.Debug|Any CPU.Build.0 = Debug|Any CPU
		{9E4DA3DC-B142-40AE-B2F2-DEE6B19F02CA}.Release|Any CPU.ActiveCfg = Release|Any CPU
		{9E4DA3DC-B142-40AE-B2F2-DEE6B19F02CA}.Release|Any CPU.Build.0 = Release|Any CPU
		{72007BE4-7DD3-417C-B989-F5ABBD3230B0}.Debug|Any CPU.ActiveCfg = Debug|Any CPU
		{72007BE4-7DD3-417C-B989-F5ABBD3230B0}.Debug|Any CPU.Build.0 = Debug|Any CPU
		{72007BE4-7DD3-417C-B989-F5ABBD3230B0}.Release|Any CPU.ActiveCfg = Release|Any CPU
		{72007BE4-7DD3-417C-B989-F5ABBD3230B0}.Release|Any CPU.Build.0 = Release|Any CPU
		{86C372CB-E95D-4812-81AC-DCC7DF4DC4A6}.Debug|Any CPU.ActiveCfg = Debug|Any CPU
		{86C372CB-E95D-4812-81AC-DCC7DF4DC4A6}.Debug|Any CPU.Build.0 = Debug|Any CPU
		{86C372CB-E95D-4812-81AC-DCC7DF4DC4A6}.Release|Any CPU.ActiveCfg = Release|Any CPU
		{86C372CB-E95D-4812-81AC-DCC7DF4DC4A6}.Release|Any CPU.Build.0 = Release|Any CPU
		{3969E312-2C29-4963-9768-AF0230AC6E9B}.Debug|Any CPU.ActiveCfg = Debug|Any CPU
		{3969E312-2C29-4963-9768-AF0230AC6E9B}.Debug|Any CPU.Build.0 = Debug|Any CPU
		{3969E312-2C29-4963-9768-AF0230AC6E9B}.Release|Any CPU.ActiveCfg = Release|Any CPU
		{3969E312-2C29-4963-9768-AF0230AC6E9B}.Release|Any CPU.Build.0 = Release|Any CPU
		{B0D2154D-6FF2-4804-8725-AE6508258C42}.Debug|Any CPU.ActiveCfg = Debug|Any CPU
		{B0D2154D-6FF2-4804-8725-AE6508258C42}.Debug|Any CPU.Build.0 = Debug|Any CPU
		{B0D2154D-6FF2-4804-8725-AE6508258C42}.Release|Any CPU.ActiveCfg = Release|Any CPU
		{B0D2154D-6FF2-4804-8725-AE6508258C42}.Release|Any CPU.Build.0 = Release|Any CPU
		{D9BBB5B4-1F5F-45EA-BCD8-5BC5B67D411F}.Debug|Any CPU.ActiveCfg = Debug|Any CPU
		{D9BBB5B4-1F5F-45EA-BCD8-5BC5B67D411F}.Debug|Any CPU.Build.0 = Debug|Any CPU
		{D9BBB5B4-1F5F-45EA-BCD8-5BC5B67D411F}.Release|Any CPU.ActiveCfg = Release|Any CPU
		{D9BBB5B4-1F5F-45EA-BCD8-5BC5B67D411F}.Release|Any CPU.Build.0 = Release|Any CPU
		{F3CBE332-8A50-4B4F-8041-843E2E054D89}.Debug|Any CPU.ActiveCfg = Debug|Any CPU
		{F3CBE332-8A50-4B4F-8041-843E2E054D89}.Debug|Any CPU.Build.0 = Debug|Any CPU
		{F3CBE332-8A50-4B4F-8041-843E2E054D89}.Release|Any CPU.ActiveCfg = Release|Any CPU
		{F3CBE332-8A50-4B4F-8041-843E2E054D89}.Release|Any CPU.Build.0 = Release|Any CPU
		{6DC272F6-AECD-4AF8-A42F-EBA601DEB673}.Debug|Any CPU.ActiveCfg = Debug|Any CPU
		{6DC272F6-AECD-4AF8-A42F-EBA601DEB673}.Debug|Any CPU.Build.0 = Debug|Any CPU
		{6DC272F6-AECD-4AF8-A42F-EBA601DEB673}.Release|Any CPU.ActiveCfg = Release|Any CPU
		{6DC272F6-AECD-4AF8-A42F-EBA601DEB673}.Release|Any CPU.Build.0 = Release|Any CPU
		{CADD13C1-915D-4D69-B4D3-20BFDBB56E40}.Debug|Any CPU.ActiveCfg = Debug|Any CPU
		{CADD13C1-915D-4D69-B4D3-20BFDBB56E40}.Debug|Any CPU.Build.0 = Debug|Any CPU
		{CADD13C1-915D-4D69-B4D3-20BFDBB56E40}.Release|Any CPU.ActiveCfg = Release|Any CPU
		{CADD13C1-915D-4D69-B4D3-20BFDBB56E40}.Release|Any CPU.Build.0 = Release|Any CPU
		{00BE306B-51B7-4179-B70B-09A14458A84F}.Debug|Any CPU.ActiveCfg = Debug|Any CPU
		{00BE306B-51B7-4179-B70B-09A14458A84F}.Debug|Any CPU.Build.0 = Debug|Any CPU
		{00BE306B-51B7-4179-B70B-09A14458A84F}.Release|Any CPU.ActiveCfg = Release|Any CPU
		{00BE306B-51B7-4179-B70B-09A14458A84F}.Release|Any CPU.Build.0 = Release|Any CPU
		{0B779E1C-C227-47DA-8F7D-D2EE8F50A20F}.Debug|Any CPU.ActiveCfg = Debug|Any CPU
		{0B779E1C-C227-47DA-8F7D-D2EE8F50A20F}.Debug|Any CPU.Build.0 = Debug|Any CPU
		{0B779E1C-C227-47DA-8F7D-D2EE8F50A20F}.Release|Any CPU.ActiveCfg = Release|Any CPU
		{0B779E1C-C227-47DA-8F7D-D2EE8F50A20F}.Release|Any CPU.Build.0 = Release|Any CPU
		{EEB7E4CD-941C-41B9-ADED-2121B515BF6D}.Debug|Any CPU.ActiveCfg = Debug|Any CPU
		{EEB7E4CD-941C-41B9-ADED-2121B515BF6D}.Debug|Any CPU.Build.0 = Debug|Any CPU
		{EEB7E4CD-941C-41B9-ADED-2121B515BF6D}.Release|Any CPU.ActiveCfg = Release|Any CPU
		{EEB7E4CD-941C-41B9-ADED-2121B515BF6D}.Release|Any CPU.Build.0 = Release|Any CPU
		{F2B62CAB-428C-4F94-A8A9-DF5EBB50107C}.Debug|Any CPU.ActiveCfg = Debug|Any CPU
		{F2B62CAB-428C-4F94-A8A9-DF5EBB50107C}.Debug|Any CPU.Build.0 = Debug|Any CPU
		{F2B62CAB-428C-4F94-A8A9-DF5EBB50107C}.Release|Any CPU.ActiveCfg = Release|Any CPU
		{F2B62CAB-428C-4F94-A8A9-DF5EBB50107C}.Release|Any CPU.Build.0 = Release|Any CPU
		{A9952656-3BD4-4386-B415-31CD0564F0C4}.Debug|Any CPU.ActiveCfg = Debug|Any CPU
		{A9952656-3BD4-4386-B415-31CD0564F0C4}.Debug|Any CPU.Build.0 = Debug|Any CPU
		{A9952656-3BD4-4386-B415-31CD0564F0C4}.Release|Any CPU.ActiveCfg = Release|Any CPU
		{A9952656-3BD4-4386-B415-31CD0564F0C4}.Release|Any CPU.Build.0 = Release|Any CPU
		{B0976365-250B-44D2-9CA4-1B691BFBB807}.Debug|Any CPU.ActiveCfg = Debug|Any CPU
		{B0976365-250B-44D2-9CA4-1B691BFBB807}.Debug|Any CPU.Build.0 = Debug|Any CPU
		{B0976365-250B-44D2-9CA4-1B691BFBB807}.Release|Any CPU.ActiveCfg = Release|Any CPU
		{B0976365-250B-44D2-9CA4-1B691BFBB807}.Release|Any CPU.Build.0 = Release|Any CPU
		{CDAF1735-E2C6-477E-901C-7E1E45276E82}.Debug|Any CPU.ActiveCfg = Debug|Any CPU
		{CDAF1735-E2C6-477E-901C-7E1E45276E82}.Debug|Any CPU.Build.0 = Debug|Any CPU
		{CDAF1735-E2C6-477E-901C-7E1E45276E82}.Release|Any CPU.ActiveCfg = Release|Any CPU
		{CDAF1735-E2C6-477E-901C-7E1E45276E82}.Release|Any CPU.Build.0 = Release|Any CPU
		{7A4BFAE8-7F03-4B1A-AB23-38852E1DDABC}.Debug|Any CPU.ActiveCfg = Debug|Any CPU
		{7A4BFAE8-7F03-4B1A-AB23-38852E1DDABC}.Debug|Any CPU.Build.0 = Debug|Any CPU
		{7A4BFAE8-7F03-4B1A-AB23-38852E1DDABC}.Release|Any CPU.ActiveCfg = Release|Any CPU
		{7A4BFAE8-7F03-4B1A-AB23-38852E1DDABC}.Release|Any CPU.Build.0 = Release|Any CPU
		{FB95BE8E-47E4-4B2E-8509-4A297146AC00}.Debug|Any CPU.ActiveCfg = Debug|Any CPU
		{FB95BE8E-47E4-4B2E-8509-4A297146AC00}.Debug|Any CPU.Build.0 = Debug|Any CPU
		{FB95BE8E-47E4-4B2E-8509-4A297146AC00}.Release|Any CPU.ActiveCfg = Release|Any CPU
		{FB95BE8E-47E4-4B2E-8509-4A297146AC00}.Release|Any CPU.Build.0 = Release|Any CPU
		{D42A21DF-FBA4-4E34-A8DC-F0A0E33EFF78}.Debug|Any CPU.ActiveCfg = Debug|Any CPU
		{D42A21DF-FBA4-4E34-A8DC-F0A0E33EFF78}.Debug|Any CPU.Build.0 = Debug|Any CPU
		{D42A21DF-FBA4-4E34-A8DC-F0A0E33EFF78}.Release|Any CPU.ActiveCfg = Release|Any CPU
		{D42A21DF-FBA4-4E34-A8DC-F0A0E33EFF78}.Release|Any CPU.Build.0 = Release|Any CPU
		{891AB098-741A-46EE-8013-44CD02186F22}.Debug|Any CPU.ActiveCfg = Debug|Any CPU
		{891AB098-741A-46EE-8013-44CD02186F22}.Debug|Any CPU.Build.0 = Debug|Any CPU
		{891AB098-741A-46EE-8013-44CD02186F22}.Release|Any CPU.ActiveCfg = Release|Any CPU
		{891AB098-741A-46EE-8013-44CD02186F22}.Release|Any CPU.Build.0 = Release|Any CPU
		{0CABA97A-68AF-4881-99B8-D7FAFE5115C3}.Debug|Any CPU.ActiveCfg = Debug|Any CPU
		{0CABA97A-68AF-4881-99B8-D7FAFE5115C3}.Debug|Any CPU.Build.0 = Debug|Any CPU
		{0CABA97A-68AF-4881-99B8-D7FAFE5115C3}.Release|Any CPU.ActiveCfg = Release|Any CPU
		{0CABA97A-68AF-4881-99B8-D7FAFE5115C3}.Release|Any CPU.Build.0 = Release|Any CPU
		{22400498-18FC-4EC1-9F35-583B1E0FC23F}.Debug|Any CPU.ActiveCfg = Debug|Any CPU
		{22400498-18FC-4EC1-9F35-583B1E0FC23F}.Debug|Any CPU.Build.0 = Debug|Any CPU
		{22400498-18FC-4EC1-9F35-583B1E0FC23F}.Release|Any CPU.ActiveCfg = Release|Any CPU
		{22400498-18FC-4EC1-9F35-583B1E0FC23F}.Release|Any CPU.Build.0 = Release|Any CPU
	EndGlobalSection
EndGlobal
