
Microsoft Visual Studio Solution File, Format Version 12.00
Project("{2150E333-8FDC-42A3-9474-1A3956D46DE8}") = "Task_N51", "Task_N51", "{43A98E41-5421-4B2F-B51D-DD455E66E91E}"
EndProject
Project("{2150E333-8FDC-42A3-9474-1A3956D46DE8}") = "Task_N53", "Task_N53", "{A13AEA17-6099-4CB3-996C-7C58A6CF167F}"
EndProject
Project("{2150E333-8FDC-42A3-9474-1A3956D46DE8}") = "Task_N52", "Task_N52", "{448F2CCC-9695-430C-A3A8-B5FBE2009F69}"
EndProject
Project("{2150E333-8FDC-42A3-9474-1A3956D46DE8}") = "Task_N54", "Task_N54", "{085C81FA-06CA-43F9-9FE2-3B34EB65C3B1}"
EndProject
Project("{2150E333-8FDC-42A3-9474-1A3956D46DE8}") = "Task_N55", "Task_N55", "{4A0CCDA7-2CB7-4A67-9048-720134735B7C}"
EndProject
Project("{2150E333-8FDC-42A3-9474-1A3956D46DE8}") = "Task_N56", "Task_N56", "{D42C1FFF-1D0C-48E9-B553-F67D8575348B}"
EndProject
Project("{2150E333-8FDC-42A3-9474-1A3956D46DE8}") = "Task_N57", "Task_N57", "{CAD3D479-53C4-45A5-85B8-518B5B25F54E}"
EndProject
Project("{2150E333-8FDC-42A3-9474-1A3956D46DE8}") = "Task_N58", "Task_N58", "{36E3B1CB-FD4A-4067-A21E-FFD3B2241449}"
EndProject
Project("{2150E333-8FDC-42A3-9474-1A3956D46DE8}") = "Task_N59", "Task_N59", "{DB4A8513-96D2-40A1-8904-6BC010C6A8D2}"
EndProject
Project("{2150E333-8FDC-42A3-9474-1A3956D46DE8}") = "Task_N60", "Task_N60", "{58508415-2998-4375-AF32-32B55BFF6364}"
EndProject
Project("{2150E333-8FDC-42A3-9474-1A3956D46DE8}") = "Task_N61", "Task_N61", "{374DF5A3-A560-414A-93BF-41FA12EC27C1}"
EndProject
Project("{2150E333-8FDC-42A3-9474-1A3956D46DE8}") = "Task_N62", "Task_N62", "{54D5BDFF-9582-4692-BE64-A14B62987481}"
EndProject
Project("{2150E333-8FDC-42A3-9474-1A3956D46DE8}") = "Task_N63", "Task_N63", "{737CC1A2-5689-4335-96F0-D78525E3A45B}"
EndProject
Project("{2150E333-8FDC-42A3-9474-1A3956D46DE8}") = "Task_N64", "Task_N64", "{39DC5EEA-A55B-4C7F-8606-0FEC748E089A}"
EndProject
Project("{2150E333-8FDC-42A3-9474-1A3956D46DE8}") = "Task_N65", "Task_N65", "{B2FB754F-3671-41BF-8895-B87E45B1BDCC}"
EndProject
Project("{2150E333-8FDC-42A3-9474-1A3956D46DE8}") = "Task_N66", "Task_N66", "{BF2CBFC4-D47F-4DC1-A637-4733B31A5052}"
EndProject
Project("{2150E333-8FDC-42A3-9474-1A3956D46DE8}") = "Task_N67", "Task_N67", "{18814FD1-C1EF-4048-96D2-733FE8AA5DC7}"
EndProject
Project("{2150E333-8FDC-42A3-9474-1A3956D46DE8}") = "Task_N68", "Task_N68", "{81477EDB-E196-474B-8EB0-5120E62ACF1F}"
EndProject
Project("{2150E333-8FDC-42A3-9474-1A3956D46DE8}") = "Task_N69", "Task_N69", "{1EBF7CAD-772B-4B82-9834-C2A284A37456}"
EndProject
Project("{2150E333-8FDC-42A3-9474-1A3956D46DE8}") = "Task_N70", "Task_N70", "{09917518-1230-4BCA-A853-71D3982CDC6C}"
EndProject
Project("{FAE04EC0-301F-11D3-BF4B-00C04F79EFBC}") = "EduCourse.Domain", "EduCourse.Domain\EduCourse.Domain.csproj", "{CDA5691E-E98B-44CE-B252-61E329113B78}"
EndProject
Project("{FAE04EC0-301F-11D3-BF4B-00C04F79EFBC}") = "EduCourse.Application", "EduCourse.Application\EduCourse.Application.csproj", "{7B77598F-DF5C-42A7-99E4-6F533FFCA899}"
EndProject
Project("{FAE04EC0-301F-11D3-BF4B-00C04F79EFBC}") = "EduCourse.Persistence", "EduCourse.Persistence\EduCourse.Persistence.csproj", "{54C3D42C-672A-4274-B954-D0519AB00245}"
EndProject
Project("{FAE04EC0-301F-11D3-BF4B-00C04F79EFBC}") = "EduCourse.Infrastructure", "EduCourse.Infrastructure\EduCourse.Infrastructure.csproj", "{B79D273C-A870-4B9C-81D0-DE71B411D736}"
EndProject
Project("{FAE04EC0-301F-11D3-BF4B-00C04F79EFBC}") = "EduCourse.Api", "EduCourse.Api\EduCourse.Api.csproj", "{E897BEDD-6033-4C02-A24A-47BCDB6BEFAF}"
EndProject
Project("{FAE04EC0-301F-11D3-BF4B-00C04F79EFBC}") = "N51-HT1", "N51-HT1\N51-HT1.csproj", "{6899BD67-AED5-4F59-B595-B1D88D52B681}"
EndProject
Project("{FAE04EC0-301F-11D3-BF4B-00C04F79EFBC}") = "ToDoApp.Api", "ToDoApp.Api\ToDoApp.Api.csproj", "{B454CA57-182F-492B-AF86-336AE429EB02}"
EndProject
Project("{FAE04EC0-301F-11D3-BF4B-00C04F79EFBC}") = "N52-HT1", "N52-HT1\N52-HT1.csproj", "{9E4DA3DC-B142-40AE-B2F2-DEE6B19F02CA}"
EndProject
Global
	GlobalSection(SolutionConfigurationPlatforms) = preSolution
		Debug|Any CPU = Debug|Any CPU
		Release|Any CPU = Release|Any CPU
	EndGlobalSection
	GlobalSection(NestedProjects) = preSolution
		{CDA5691E-E98B-44CE-B252-61E329113B78} = {18814FD1-C1EF-4048-96D2-733FE8AA5DC7}
		{7B77598F-DF5C-42A7-99E4-6F533FFCA899} = {18814FD1-C1EF-4048-96D2-733FE8AA5DC7}
		{54C3D42C-672A-4274-B954-D0519AB00245} = {18814FD1-C1EF-4048-96D2-733FE8AA5DC7}
		{B79D273C-A870-4B9C-81D0-DE71B411D736} = {18814FD1-C1EF-4048-96D2-733FE8AA5DC7}
		{E897BEDD-6033-4C02-A24A-47BCDB6BEFAF} = {18814FD1-C1EF-4048-96D2-733FE8AA5DC7}
		{6899BD67-AED5-4F59-B595-B1D88D52B681} = {43A98E41-5421-4B2F-B51D-DD455E66E91E}
		{B454CA57-182F-492B-AF86-336AE429EB02} = {43A98E41-5421-4B2F-B51D-DD455E66E91E}
		{9E4DA3DC-B142-40AE-B2F2-DEE6B19F02CA} = {448F2CCC-9695-430C-A3A8-B5FBE2009F69}
	EndGlobalSection
	GlobalSection(ProjectConfigurationPlatforms) = postSolution
		{CDA5691E-E98B-44CE-B252-61E329113B78}.Debug|Any CPU.ActiveCfg = Debug|Any CPU
		{CDA5691E-E98B-44CE-B252-61E329113B78}.Debug|Any CPU.Build.0 = Debug|Any CPU
		{CDA5691E-E98B-44CE-B252-61E329113B78}.Release|Any CPU.ActiveCfg = Release|Any CPU
		{CDA5691E-E98B-44CE-B252-61E329113B78}.Release|Any CPU.Build.0 = Release|Any CPU
		{7B77598F-DF5C-42A7-99E4-6F533FFCA899}.Debug|Any CPU.ActiveCfg = Debug|Any CPU
		{7B77598F-DF5C-42A7-99E4-6F533FFCA899}.Debug|Any CPU.Build.0 = Debug|Any CPU
		{7B77598F-DF5C-42A7-99E4-6F533FFCA899}.Release|Any CPU.ActiveCfg = Release|Any CPU
		{7B77598F-DF5C-42A7-99E4-6F533FFCA899}.Release|Any CPU.Build.0 = Release|Any CPU
		{54C3D42C-672A-4274-B954-D0519AB00245}.Debug|Any CPU.ActiveCfg = Debug|Any CPU
		{54C3D42C-672A-4274-B954-D0519AB00245}.Debug|Any CPU.Build.0 = Debug|Any CPU
		{54C3D42C-672A-4274-B954-D0519AB00245}.Release|Any CPU.ActiveCfg = Release|Any CPU
		{54C3D42C-672A-4274-B954-D0519AB00245}.Release|Any CPU.Build.0 = Release|Any CPU
		{B79D273C-A870-4B9C-81D0-DE71B411D736}.Debug|Any CPU.ActiveCfg = Debug|Any CPU
		{B79D273C-A870-4B9C-81D0-DE71B411D736}.Debug|Any CPU.Build.0 = Debug|Any CPU
		{B79D273C-A870-4B9C-81D0-DE71B411D736}.Release|Any CPU.ActiveCfg = Release|Any CPU
		{B79D273C-A870-4B9C-81D0-DE71B411D736}.Release|Any CPU.Build.0 = Release|Any CPU
		{E897BEDD-6033-4C02-A24A-47BCDB6BEFAF}.Debug|Any CPU.ActiveCfg = Debug|Any CPU
		{E897BEDD-6033-4C02-A24A-47BCDB6BEFAF}.Debug|Any CPU.Build.0 = Debug|Any CPU
		{E897BEDD-6033-4C02-A24A-47BCDB6BEFAF}.Release|Any CPU.ActiveCfg = Release|Any CPU
		{E897BEDD-6033-4C02-A24A-47BCDB6BEFAF}.Release|Any CPU.Build.0 = Release|Any CPU
		{6899BD67-AED5-4F59-B595-B1D88D52B681}.Debug|Any CPU.ActiveCfg = Debug|Any CPU
		{6899BD67-AED5-4F59-B595-B1D88D52B681}.Debug|Any CPU.Build.0 = Debug|Any CPU
		{6899BD67-AED5-4F59-B595-B1D88D52B681}.Release|Any CPU.ActiveCfg = Release|Any CPU
		{6899BD67-AED5-4F59-B595-B1D88D52B681}.Release|Any CPU.Build.0 = Release|Any CPU
		{B454CA57-182F-492B-AF86-336AE429EB02}.Debug|Any CPU.ActiveCfg = Debug|Any CPU
		{B454CA57-182F-492B-AF86-336AE429EB02}.Debug|Any CPU.Build.0 = Debug|Any CPU
		{B454CA57-182F-492B-AF86-336AE429EB02}.Release|Any CPU.ActiveCfg = Release|Any CPU
		{B454CA57-182F-492B-AF86-336AE429EB02}.Release|Any CPU.Build.0 = Release|Any CPU
		{9E4DA3DC-B142-40AE-B2F2-DEE6B19F02CA}.Debug|Any CPU.ActiveCfg = Debug|Any CPU
		{9E4DA3DC-B142-40AE-B2F2-DEE6B19F02CA}.Debug|Any CPU.Build.0 = Debug|Any CPU
		{9E4DA3DC-B142-40AE-B2F2-DEE6B19F02CA}.Release|Any CPU.ActiveCfg = Release|Any CPU
		{9E4DA3DC-B142-40AE-B2F2-DEE6B19F02CA}.Release|Any CPU.Build.0 = Release|Any CPU
	EndGlobalSection
EndGlobal
